version = 1
revision = 3
requires-python = ">=3.12"
resolution-markers = [
    "python_full_version >= '3.15'",
    "python_full_version < '3.15'",
]

[[package]]
name = "ast-serialize"
version = "0.9.0"
source = { registry = "wheels" }
wheels = [
    { path = "ast_serialize-0.9.0-cp39-abi3-win_amd64.whl" },
]

[[package]]
name = "cfgv"
version = "3.5.0"
source = { registry = "wheels" }
wheels = [
    { path = "cfgv-3.5.0-py2.py3-none-any.whl" },
]

[[package]]
name = "colorama"
version = "0.4.6"
source = { registry = "wheels" }
wheels = [
    { path = "colorama-0.4.6-py2.py3-none-any.whl" },
]

[[package]]
name = "comtypes"
version = "1.4.11"
source = { registry = "wheels" }
wheels = [
    { path = "comtypes-1.4.11-py3-none-any.whl" },
]

[[package]]
name = "coverage"
version = "7.16.0"
source = { registry = "wheels" }
wheels = [
    { path = "coverage-7.16.0-cp312-cp312-win_amd64.whl" },
]

[[package]]
name = "cv-suite-automator"
version = "0.2.1"
source = { editable = "." }
dependencies = [
    { name = "comtypes" },
    { name = "phidget22" },
    { name = "pywin32", marker = "sys_platform == 'win32'" },
    { name = "pywinauto" },
]

[package.dev-dependencies]
dev = [
    { name = "mypy" },
    { name = "pre-commit" },
    { name = "pre-commit-hooks" },
    { name = "pytest" },
    { name = "pytest-cov" },
    { name = "ruff" },
]

[package.metadata]
requires-dist = [
    { name = "comtypes", specifier = "==1.4.11" },
    { name = "phidget22", specifier = "==1.22.20250714" },
    { name = "pywin32", marker = "sys_platform == 'win32'", specifier = "==311" },
    { name = "pywinauto", specifier = "==0.6.9+usbif.1" },
]

[package.metadata.requires-dev]
dev = [
    { name = "mypy", specifier = ">=1.10.0" },
    { name = "pre-commit", specifier = ">=3.7.0" },
    { name = "pre-commit-hooks", specifier = "==5.0.0" },
    { name = "pytest", specifier = ">=8.0.0" },
    { name = "pytest-cov", specifier = ">=5.0.0" },
    { name = "ruff", specifier = ">=0.4.2" },
]

[[package]]
name = "distlib"
version = "0.4.3"
source = { registry = "wheels" }
wheels = [
    { path = "distlib-0.4.3-py2.py3-none-any.whl" },
]

[[package]]
name = "filelock"
version = "3.32.5"
source = { registry = "wheels" }
wheels = [
    { path = "filelock-3.32.5-py3-none-any.whl" },
]

[[package]]
name = "identify"
version = "2.6.19"
source = { registry = "wheels" }
wheels = [
    { path = "identify-2.6.19-py2.py3-none-any.whl" },
]

[[package]]
name = "iniconfig"
version = "2.3.0"
source = { registry = "wheels" }
wheels = [
    { path = "iniconfig-2.3.0-py3-none-any.whl" },
]

[[package]]
name = "librt"
version = "0.15.0"
source = { registry = "wheels" }
wheels = [
    { path = "librt-0.15.0-cp312-cp312-win_amd64.whl" },
]

[[package]]
name = "mypy"
version = "2.3.1"
source = { registry = "wheels" }
dependencies = [
    { name = "ast-serialize" },
    { name = "librt", marker = "platform_python_implementation != 'PyPy'" },
    { name = "mypy-extensions" },
    { name = "pathspec" },
    { name = "typing-extensions" },
]
wheels = [
    { path = "mypy-2.3.1-cp312-cp312-win_amd64.whl" },
]

[[package]]
name = "mypy-extensions"
version = "1.1.0"
source = { registry = "wheels" }
wheels = [
    { path = "mypy_extensions-1.1.0-py3-none-any.whl" },
]

[[package]]
name = "nodeenv"
version = "1.10.0"
source = { registry = "wheels" }
wheels = [
    { path = "nodeenv-1.10.0-py2.py3-none-any.whl" },
]

[[package]]
name = "packaging"
version = "26.3"
source = { registry = "wheels" }
wheels = [
    { path = "packaging-26.3-py3-none-any.whl" },
]

[[package]]
name = "pathspec"
version = "1.1.1"
source = { registry = "wheels" }
wheels = [
    { path = "pathspec-1.1.1-py3-none-any.whl" },
]

[[package]]
name = "phidget22"
version = "1.22.20250714"
source = { registry = "wheels" }
wheels = [
    { path = "phidget22-1.22.20250714-py3-none-win_amd64.whl" },
]

[[package]]
name = "platformdirs"
version = "4.11.7"
source = { registry = "wheels" }
wheels = [
    { path = "platformdirs-4.11.7-py3-none-any.whl" },
]

[[package]]
name = "pluggy"
version = "1.6.0"
source = { registry = "wheels" }
wheels = [
    { path = "pluggy-1.6.0-py3-none-any.whl" },
]

[[package]]
name = "pre-commit"
version = "4.6.2"
source = { registry = "wheels" }
dependencies = [
    { name = "cfgv" },
    { name = "identify" },
    { name = "nodeenv" },
    { name = "pyyaml" },
    { name = "virtualenv" },
]
wheels = [
    { path = "pre_commit-4.6.2-py2.py3-none-any.whl" },
]

[[package]]
name = "pre-commit-hooks"
version = "5.0.0"
source = { registry = "wheels" }
dependencies = [
    { name = "ruamel-yaml" },
]
wheels = [
    { path = "pre_commit_hooks-5.0.0-py2.py3-none-any.whl" },
]

[[package]]
name = "pygments"
version = "2.21.0"
source = { registry = "wheels" }
wheels = [
    { path = "pygments-2.21.0-py3-none-any.whl" },
]

[[package]]
name = "pytest"
version = "9.1.1"
source = { registry = "wheels" }
dependencies = [
    { name = "colorama", marker = "sys_platform == 'win32'" },
    { name = "iniconfig" },
    { name = "packaging" },
    { name = "pluggy" },
    { name = "pygments" },
]
wheels = [
    { path = "pytest-9.1.1-py3-none-any.whl" },
]

[[package]]
name = "pytest-cov"
version = "7.1.0"
source = { registry = "wheels" }
dependencies = [
    { name = "coverage" },
    { name = "pluggy" },
    { name = "pytest" },
]
wheels = [
    { path = "pytest_cov-7.1.0-py3-none-any.whl" },
]

[[package]]
name = "python-discovery"
version = "1.6.0"
source = { registry = "wheels" }
dependencies = [
    { name = "filelock" },
]
wheels = [
    { path = "python_discovery-1.6.0-py3-none-any.whl" },
]

[[package]]
name = "python-xlib"
version = "0.33"
source = { registry = "wheels" }
dependencies = [
    { name = "six" },
]
wheels = [
    { path = "python_xlib-0.33-py2.py3-none-any.whl" },
]

[[package]]
name = "pywin32"
version = "311"
source = { registry = "wheels" }
wheels = [
    { path = "pywin32-311-cp312-cp312-win_amd64.whl" },
]

[[package]]
name = "pywinauto"
version = "0.6.9+usbif.1"
source = { registry = "wheels" }
dependencies = [
    { name = "comtypes", marker = "sys_platform == 'win32'" },
    { name = "python-xlib", marker = "sys_platform == 'linux'" },
    { name = "pywin32", marker = "sys_platform == 'win32'" },
    { name = "six" },
]
wheels = [
    { path = "pywinauto-0.6.9+usbif.1-py2.py3-none-any.whl" },
]

[[package]]
name = "pyyaml"
version = "6.0.3"
source = { registry = "wheels" }
wheels = [
    { path = "pyyaml-6.0.3-cp312-cp312-win_amd64.whl" },
]

[[package]]
name = "ruamel-yaml"
version = "0.19.1"
source = { registry = "wheels" }
wheels = [
    { path = "ruamel_yaml-0.19.1-py3-none-any.whl" },
]

[[package]]
name = "ruff"
version = "0.16.6"
source = { registry = "wheels" }
wheels = [
    { path = "ruff-0.16.6-py3-none-win_amd64.whl" },
]

[[package]]
name = "six"
version = "1.17.0"
source = { registry = "wheels" }
wheels = [
    { path = "six-1.17.0-py2.py3-none-any.whl" },
]

[[package]]
name = "typing-extensions"
version = "4.16.0"
source = { registry = "wheels" }
wheels = [
    { path = "typing_extensions-4.16.0-py3-none-any.whl" },
]

[[package]]
name = "virtualenv"
version = "21.7.8"
source = { registry = "wheels" }
dependencies = [
    { name = "distlib" },
    { name = "filelock" },
    { name = "platformdirs" },
    { name = "python-discovery" },
]
wheels = [
    { path = "virtualenv-21.7.8-py3-none-any.whl" },
]
